// !$*UTF8*$!
{
	archiveVersion = 1;
	classes = {
	};
	objectVersion = 50;
	objects = {

/* Begin PBXBuildFile section */
		B48F872C265155F30080729B /* AppDelegate.swift in Sources */ = {isa = PBXBuildFile; fileRef = B48F872B265155F30080729B /* AppDelegate.swift */; };
		B48F872E265155F30080729B /* SceneDelegate.swift in Sources */ = {isa = PBXBuildFile; fileRef = B48F872D265155F30080729B /* SceneDelegate.swift */; };
		B48F8730265155F30080729B /* ViewController.swift in Sources */ = {isa = PBXBuildFile; fileRef = B48F872F265155F30080729B /* ViewController.swift */; };
		B48F8733265155F30080729B /* Main.storyboard in Resources */ = {isa = PBXBuildFile; fileRef = B48F8731265155F30080729B /* Main.storyboard */; };
		B48F8735265155F30080729B /* Assets.xcassets in Resources */ = {isa = PBXBuildFile; fileRef = B48F8734265155F30080729B /* Assets.xcassets */; };
		B48F8738265155F30080729B /* LaunchScreen.storyboard in Resources */ = {isa = PBXBuildFile; fileRef = B48F8736265155F30080729B /* LaunchScreen.storyboard */; };
		B48F8743265155F40080729B /* CaloriCalTests.swift in Sources */ = {isa = PBXBuildFile; fileRef = B48F8742265155F40080729B /* CaloriCalTests.swift */; };
		B48F874E265155F40080729B /* CaloriCalUITests.swift in Sources */ = {isa = PBXBuildFile; fileRef = B48F874D265155F40080729B /* CaloriCalUITests.swift */; };
/* End PBXBuildFile section */

/* Begin PBXContainerItemProxy section */
		B48F873F265155F40080729B /* PBXContainerItemProxy */ = {
			isa = PBXContainerItemProxy;
			containerPortal = B48F8720265155F30080729B /* Project object */;
			proxyType = 1;
			remoteGlobalIDString = B48F8727265155F30080729B;
			remoteInfo = CaloriCal;
		};
		B48F874A265155F40080729B /* PBXContainerItemProxy */ = {
			isa = PBXContainerItemProxy;
			containerPortal = B48F8720265155F30080729B /* Project object */;
			proxyType = 1;
			remoteGlobalIDString = B48F8727265155F30080729B;
			remoteInfo = CaloriCal;
		};
/* End PBXContainerItemProxy section */

/* Begin PBXFileReference section */
		B48F8728265155F30080729B /* CaloriCal.app */ = {isa = PBXFileReference; explicitFileType = wrapper.application; includeInIndex = 0; path = CaloriCal.app; sourceTree = BUILT_PRODUCTS_DIR; };
		B48F872B265155F30080729B /* AppDelegate.swift */ = {isa = PBXFileReference; lastKnownFileType = sourcecode.swift; path = AppDelegate.swift; sourceTree = "<group>"; };
		B48F872D265155F30080729B /* SceneDelegate.swift */ = {isa = PBXFileReference; lastKnownFileType = sourcecode.swift; path = SceneDelegate.swift; sourceTree = "<group>"; };
		B48F872F265155F30080729B /* ViewController.swift */ = {isa = PBXFileReference; lastKnownFileType = sourcecode.swift; path = ViewController.swift; sourceTree = "<group>"; };
		B48F8732265155F30080729B /* Base */ = {isa = PBXFileReference; lastKnownFileType = file.storyboard; name = Base; path = Base.lproj/Main.storyboard; sourceTree = "<group>"; };
		B48F8734265155F30080729B /* Assets.xcassets */ = {isa = PBXFileReference; lastKnownFileType = folder.assetcatalog; path = Assets.xcassets; sourceTree = "<group>"; };
		B48F8737265155F30080729B /* Base */ = {isa = PBXFileReference; lastKnownFileType = file.storyboard; name = Base; path = Base.lproj/LaunchScreen.storyboard; sourceTree = "<group>"; };
		B48F8739265155F30080729B /* Info.plist */ = {isa = PBXFileReference; lastKnownFileType = text.plist.xml; path = Info.plist; sourceTree = "<group>"; };
		B48F873E265155F40080729B /* CaloriCalTests.xctest */ = {isa = PBXFileReference; explicitFileType = wrapper.cfbundle; includeInIndex = 0; path = CaloriCalTests.xctest; sourceTree = BUILT_PRODUCTS_DIR; };
		B48F8742265155F40080729B /* CaloriCalTests.swift */ = {isa = PBXFileReference; lastKnownFileType = sourcecode.swift; path = CaloriCalTests.swift; sourceTree = "<group>"; };
		B48F8744265155F40080729B /* Info.plist */ = {isa = PBXFileReference; lastKnownFileType = text.plist.xml; path = Info.plist; sourceTree = "<group>"; };
		B48F8749265155F40080729B /* CaloriCalUITests.xctest */ = {isa = PBXFileReference; explicitFileType = wrapper.cfbundle; includeInIndex = 0; path = CaloriCalUITests.xctest; sourceTree = BUILT_PRODUCTS_DIR; };
		B48F874D265155F40080729B /* CaloriCalUITests.swift */ = {isa = PBXFileReference; lastKnownFileType = sourcecode.swift; path = CaloriCalUITests.swift; sourceTree = "<group>"; };
		B48F874F265155F40080729B /* Info.plist */ = {isa = PBXFileReference; lastKnownFileType = text.plist.xml; path = Info.plist; sourceTree = "<group>"; };
/* End PBXFileReference section */

/* Begin PBXFrameworksBuildPhase section */
		B48F8725265155F30080729B /* Frameworks */ = {
			isa = PBXFrameworksBuildPhase;
			buildActionMask = 2147483647;
			files = (
			);
			runOnlyForDeploymentPostprocessing = 0;
		};
		B48F873B265155F40080729B /* Frameworks */ = {
			isa = PBXFrameworksBuildPhase;
			buildActionMask = 2147483647;
			files = (
			);
			runOnlyForDeploymentPostprocessing = 0;
		};
		B48F8746265155F40080729B /* Frameworks */ = {
			isa = PBXFrameworksBuildPhase;
			buildActionMask = 2147483647;
			files = (
			);
			runOnlyForDeploymentPostprocessing = 0;
		};
/* End PBXFrameworksBuildPhase section */

/* Begin PBXGroup section */
		B48F871F265155F30080729B = {
			isa = PBXGroup;
			children = (
				B48F872A265155F30080729B /* CaloriCal */,
				B48F8741265155F40080729B /* CaloriCalTests */,
				B48F874C265155F40080729B /* CaloriCalUITests */,
				B48F8729265155F30080729B /* Products */,
			);
			sourceTree = "<group>";
		};
		B48F8729265155F30080729B /* Products */ = {
			isa = PBXGroup;
			children = (
				B48F8728265155F30080729B /* CaloriCal.app */,
				B48F873E265155F40080729B /* CaloriCalTests.xctest */,
				B48F8749265155F40080729B /* CaloriCalUITests.xctest */,
			);
			name = Products;
			sourceTree = "<group>";
		};
		B48F872A265155F30080729B /* CaloriCal */ = {
			isa = PBXGroup;
			children = (
				B48F872B265155F30080729B /* AppDelegate.swift */,
				B48F872D265155F30080729B /* SceneDelegate.swift */,
				B48F872F265155F30080729B /* ViewController.swift */,
				B48F8731265155F30080729B /* Main.storyboard */,
				B48F8734265155F30080729B /* Assets.xcassets */,
				B48F8736265155F30080729B /* LaunchScreen.storyboard */,
				B48F8739265155F30080729B /* Info.plist */,
			);
			path = CaloriCal;
			sourceTree = "<group>";
		};
		B48F8741265155F40080729B /* CaloriCalTests */ = {
			isa = PBXGroup;
			children = (
				B48F8742265155F40080729B /* CaloriCalTests.swift */,
				B48F8744265155F40080729B /* Info.plist */,
			);
			path = CaloriCalTests;
			sourceTree = "<group>";
		};
		B48F874C265155F40080729B /* CaloriCalUITests */ = {
			isa = PBXGroup;
			children = (
				B48F874D265155F40080729B /* CaloriCalUITests.swift */,
				B48F874F265155F40080729B /* Info.plist */,
			);
			path = CaloriCalUITests;
			sourceTree = "<group>";
		};
/* End PBXGroup section */

/* Begin PBXNativeTarget section */
		B48F8727265155F30080729B /* CaloriCal */ = {
			isa = PBXNativeTarget;
			buildConfigurationList = B48F8752265155F40080729B /* Build configuration list for PBXNativeTarget "CaloriCal" */;
			buildPhases = (
				B48F8724265155F30080729B /* Sources */,
				B48F8725265155F30080729B /* Frameworks */,
				B48F8726265155F30080729B /* Resources */,
			);
			buildRules = (
			);
			dependencies = (
			);
			name = CaloriCal;
			productName = CaloriCal;
			productReference = B48F8728265155F30080729B /* CaloriCal.app */;
			productType = "com.apple.product-type.application";
		};
		B48F873D265155F40080729B /* CaloriCalTests */ = {
			isa = PBXNativeTarget;
			buildConfigurationList = B48F8755265155F40080729B /* Build configuration list for PBXNativeTarget "CaloriCalTests" */;
			buildPhases = (
				B48F873A265155F40080729B /* Sources */,
				B48F873B265155F40080729B /* Frameworks */,
				B48F873C265155F40080729B /* Resources */,
			);
			buildRules = (
			);
			dependencies = (
				B48F8740265155F40080729B /* PBXTargetDependency */,
			);
			name = CaloriCalTests;
			productName = CaloriCalTests;
			productReference = B48F873E265155F40080729B /* CaloriCalTests.xctest */;
			productType = "com.apple.product-type.bundle.unit-test";
		};
		B48F8748265155F40080729B /* CaloriCalUITests */ = {
			isa = PBXNativeTarget;
			buildConfigurationList = B48F8758265155F40080729B /* Build configuration list for PBXNativeTarget "CaloriCalUITests" */;
			buildPhases = (
				B48F8745265155F40080729B /* Sources */,
				B48F8746265155F40080729B /* Frameworks */,
				B48F8747265155F40080729B /* Resources */,
			);
			buildRules = (
			);
			dependencies = (
				B48F874B265155F40080729B /* PBXTargetDependency */,
			);
			name = CaloriCalUITests;
			productName = CaloriCalUITests;
			productReference = B48F8749265155F40080729B /* CaloriCalUITests.xctest */;
			productType = "com.apple.product-type.bundle.ui-testing";
		};
/* End PBXNativeTarget section */

/* Begin PBXProject section */
		B48F8720265155F30080729B /* Project object */ = {
			isa = PBXProject;
			attributes = {
				LastSwiftUpdateCheck = 1240;
				LastUpgradeCheck = 1240;
				TargetAttributes = {
					B48F8727265155F30080729B = {
						CreatedOnToolsVersion = 12.4;
					};
					B48F873D265155F40080729B = {
						CreatedOnToolsVersion = 12.4;
						TestTargetID = B48F8727265155F30080729B;
					};
					B48F8748265155F40080729B = {
						CreatedOnToolsVersion = 12.4;
						TestTargetID = B48F8727265155F30080729B;
					};
				};
			};
			buildConfigurationList = B48F8723265155F30080729B /* Build configuration list for PBXProject "CaloriCal" */;
			compatibilityVersion = "Xcode 9.3";
			developmentRegion = en;
			hasScannedForEncodings = 0;
			knownRegions = (
				en,
				Base,
			);
			mainGroup = B48F871F265155F30080729B;
			productRefGroup = B48F8729265155F30080729B /* Products */;
			projectDirPath = "";
			projectRoot = "";
			targets = (
				B48F8727265155F30080729B /* CaloriCal */,
				B48F873D265155F40080729B /* CaloriCalTests */,
				B48F8748265155F40080729B /* CaloriCalUITests */,
			);
		};
/* End PBXProject section */

/* Begin PBXResourcesBuildPhase section */
		B48F8726265155F30080729B /* Resources */ = {
			isa = PBXResourcesBuildPhase;
			buildActionMask = 2147483647;
			files = (
				B48F8738265155F30080729B /* LaunchScreen.storyboard in Resources */,
				B48F8735265155F30080729B /* Assets.xcassets in Resources */,
				B48F8733265155F30080729B /* Main.storyboard in Resources */,
			);
			runOnlyForDeploymentPostprocessing = 0;
		};
		B48F873C265155F40080729B /* Resources */ = {
			isa = PBXResourcesBuildPhase;
			buildActionMask = 2147483647;
			files = (
			);
			runOnlyForDeploymentPostprocessing = 0;
		};
		B48F8747265155F40080729B /* Resources */ = {
			isa = PBXResourcesBuildPhase;
			buildActionMask = 2147483647;
			files = (
			);
			runOnlyForDeploymentPostprocessing = 0;
		};
/* End PBXResourcesBuildPhase section */

/* Begin PBXSourcesBuildPhase section */
		B48F8724265155F30080729B /* Sources */ = {
			isa = PBXSourcesBuildPhase;
			buildActionMask = 2147483647;
			files = (
				B48F8730265155F30080729B /* ViewController.swift in Sources */,
				B48F872C265155F30080729B /* AppDelegate.swift in Sources */,
				B48F872E265155F30080729B /* SceneDelegate.swift in Sources */,
			);
			runOnlyForDeploymentPostprocessing = 0;
		};
		B48F873A265155F40080729B /* Sources */ = {
			isa = PBXSourcesBuildPhase;
			buildActionMask = 2147483647;
			files = (
				B48F8743265155F40080729B /* CaloriCalTests.swift in Sources */,
			);
			runOnlyForDeploymentPostprocessing = 0;
		};
		B48F8745265155F40080729B /* Sources */ = {
			isa = PBXSourcesBuildPhase;
			buildActionMask = 2147483647;
			files = (
				B48F874E265155F40080729B /* CaloriCalUITests.swift in Sources */,
			);
			runOnlyForDeploymentPostprocessing = 0;
		};
/* End PBXSourcesBuildPhase section */

/* Begin PBXTargetDependency section */
		B48F8740265155F40080729B /* PBXTargetDependency */ = {
			isa = PBXTargetDependency;
			target = B48F8727265155F30080729B /* CaloriCal */;
			targetProxy = B48F873F265155F40080729B /* PBXContainerItemProxy */;
		};
		B48F874B265155F40080729B /* PBXTargetDependency */ = {
			isa = PBXTargetDependency;
			target = B48F8727265155F30080729B /* CaloriCal */;
			targetProxy = B48F874A265155F40080729B /* PBXContainerItemProxy */;
		};
/* End PBXTargetDependency section */

/* Begin PBXVariantGroup section */
		B48F8731265155F30080729B /* Main.storyboard */ = {
			isa = PBXVariantGroup;
			children = (
				B48F8732265155F30080729B /* Base */,
			);
			name = Main.storyboard;
			sourceTree = "<group>";
		};
		B48F8736265155F30080729B /* LaunchScreen.storyboard */ = {
			isa = PBXVariantGroup;
			children = (
				B48F8737265155F30080729B /* Base */,
			);
			name = LaunchScreen.storyboard;
			sourceTree = "<group>";
		};
/* End PBXVariantGroup section */

/* Begin XCBuildConfiguration section */
		B48F8750265155F40080729B /* Debug */ = {
			isa = XCBuildConfiguration;
			buildSettings = {
				ALWAYS_SEARCH_USER_PATHS = NO;
				CLANG_ANALYZER_NONNULL = YES;
				CLANG_ANALYZER_NUMBER_OBJECT_CONVERSION = YES_AGGRESSIVE;
				CLANG_CXX_LANGUAGE_STANDARD = "gnu++14";
				CLANG_CXX_LIBRARY = "libc++";
				CLANG_ENABLE_MODULES = YES;
				CLANG_ENABLE_OBJC_ARC = YES;
				CLANG_ENABLE_OBJC_WEAK = YES;
				CLANG_WARN_BLOCK_CAPTURE_AUTORELEASING = YES;
				CLANG_WARN_BOOL_CONVERSION = YES;
				CLANG_WARN_COMMA = YES;
				CLANG_WARN_CONSTANT_CONVERSION = YES;
				CLANG_WARN_DEPRECATED_OBJC_IMPLEMENTATIONS = YES;
				CLANG_WARN_DIRECT_OBJC_ISA_USAGE = YES_ERROR;
				CLANG_WARN_DOCUMENTATION_COMMENTS = YES;
				CLANG_WARN_EMPTY_BODY = YES;
				CLANG_WARN_ENUM_CONVERSION = YES;
				CLANG_WARN_INFINITE_RECURSION = YES;
				CLANG_WARN_INT_CONVERSION = YES;
				CLANG_WARN_NON_LITERAL_NULL_CONVERSION = YES;
				CLANG_WARN_OBJC_IMPLICIT_RETAIN_SELF = YES;
				CLANG_WARN_OBJC_LITERAL_CONVERSION = YES;
				CLANG_WARN_OBJC_ROOT_CLASS = YES_ERROR;
				CLANG_WARN_QUOTED_INCLUDE_IN_FRAMEWORK_HEADER = YES;
				CLANG_WARN_RANGE_LOOP_ANALYSIS = YES;
				CLANG_WARN_STRICT_PROTOTYPES = YES;
				CLANG_WARN_SUSPICIOUS_MOVE = YES;
				CLANG_WARN_UNGUARDED_AVAILABILITY = YES_AGGRESSIVE;
				CLANG_WARN_UNREACHABLE_CODE = YES;
				CLANG_WARN__DUPLICATE_METHOD_MATCH = YES;
				COPY_PHASE_STRIP = NO;
				DEBUG_INFORMATION_FORMAT = dwarf;
				ENABLE_STRICT_OBJC_MSGSEND = YES;
				ENABLE_TESTABILITY = YES;
				GCC_C_LANGUAGE_STANDARD = gnu11;
				GCC_DYNAMIC_NO_PIC = NO;
				GCC_NO_COMMON_BLOCKS = YES;
				GCC_OPTIMIZATION_LEVEL = 0;
				GCC_PREPROCESSOR_DEFINITIONS = (
					"DEBUG=1",
					"$(inherited)",
				);
				GCC_WARN_64_TO_32_BIT_CONVERSION = YES;
				GCC_WARN_ABOUT_RETURN_TYPE = YES_ERROR;
				GCC_WARN_UNDECLARED_SELECTOR = YES;
				GCC_WARN_UNINITIALIZED_AUTOS = YES_AGGRESSIVE;
				GCC_WARN_UNUSED_FUNCTION = YES;
				GCC_WARN_UNUSED_VARIABLE = YES;
				IPHONEOS_DEPLOYMENT_TARGET = 14.4;
				MTL_ENABLE_DEBUG_INFO = INCLUDE_SOURCE;
				MTL_FAST_MATH = YES;
				ONLY_ACTIVE_ARCH = YES;
				SDKROOT = iphoneos;
				SWIFT_ACTIVE_COMPILATION_CONDITIONS = DEBUG;
				SWIFT_OPTIMIZATION_LEVEL = "-Onone";
			};
			name = Debug;
		};
		B48F8751265155F40080729B /* Release */ = {
			isa = XCBuildConfiguration;
			buildSettings = {
				ALWAYS_SEARCH_USER_PATHS = NO;
				CLANG_ANALYZER_NONNULL = YES;
				CLANG_ANALYZER_NUMBER_OBJECT_CONVERSION = YES_AGGRESSIVE;
				CLANG_CXX_LANGUAGE_STANDARD = "gnu++14";
				CLANG_CXX_LIBRARY = "libc++";
				CLANG_ENABLE_MODULES = YES;
				CLANG_ENABLE_OBJC_ARC = YES;
				CLANG_ENABLE_OBJC_WEAK = YES;
				CLANG_WARN_BLOCK_CAPTURE_AUTORELEASING = YES;
				CLANG_WARN_BOOL_CONVERSION = YES;
				CLANG_WARN_COMMA = YES;
				CLANG_WARN_CONSTANT_CONVERSION = YES;
				CLANG_WARN_DEPRECATED_OBJC_IMPLEMENTATIONS = YES;
				CLANG_WARN_DIRECT_OBJC_ISA_USAGE = YES_ERROR;
				CLANG_WARN_DOCUMENTATION_COMMENTS = YES;
				CLANG_WARN_EMPTY_BODY = YES;
				CLANG_WARN_ENUM_CONVERSION = YES;
				CLANG_WARN_INFINITE_RECURSION = YES;
				CLANG_WARN_INT_CONVERSION = YES;
				CLANG_WARN_NON_LITERAL_NULL_CONVERSION = YES;
				CLANG_WARN_OBJC_IMPLICIT_RETAIN_SELF = YES;
				CLANG_WARN_OBJC_LITERAL_CONVERSION = YES;
				CLANG_WARN_OBJC_ROOT_CLASS = YES_ERROR;
				CLANG_WARN_QUOTED_INCLUDE_IN_FRAMEWORK_HEADER = YES;
				CLANG_WARN_RANGE_LOOP_ANALYSIS = YES;
				CLANG_WARN_STRICT_PROTOTYPES = YES;
				CLANG_WARN_SUSPICIOUS_MOVE = YES;
				CLANG_WARN_UNGUARDED_AVAILABILITY = YES_AGGRESSIVE;
				CLANG_WARN_UNREACHABLE_CODE = YES;
				CLANG_WARN__DUPLICATE_METHOD_MATCH = YES;
				COPY_PHASE_STRIP = NO;
				DEBUG_INFORMATION_FORMAT = "dwarf-with-dsym";
				ENABLE_NS_ASSERTIONS = NO;
				ENABLE_STRICT_OBJC_MSGSEND = YES;
				GCC_C_LANGUAGE_STANDARD = gnu11;
				GCC_NO_COMMON_BLOCKS = YES;
				GCC_WARN_64_TO_32_BIT_CONVERSION = YES;
				GCC_WARN_ABOUT_RETURN_TYPE = YES_ERROR;
				GCC_WARN_UNDECLARED_SELECTOR = YES;
				GCC_WARN_UNINITIALIZED_AUTOS = YES_AGGRESSIVE;
				GCC_WARN_UNUSED_FUNCTION = YES;
				GCC_WARN_UNUSED_VARIABLE = YES;
				IPHONEOS_DEPLOYMENT_TARGET = 14.4;
				MTL_ENABLE_DEBUG_INFO = NO;
				MTL_FAST_MATH = YES;
				SDKROOT = iphoneos;
				SWIFT_COMPILATION_MODE = wholemodule;
				SWIFT_OPTIMIZATION_LEVEL = "-O";
				VALIDATE_PRODUCT = YES;
			};
			name = Release;
		};
		B48F8753265155F40080729B /* Debug */ = {
			isa = XCBuildConfiguration;
			buildSettings = {
				ASSETCATALOG_COMPILER_APPICON_NAME = AppIcon;
				ASSETCATALOG_COMPILER_GLOBAL_ACCENT_COLOR_NAME = AccentColor;
				CODE_SIGN_STYLE = Automatic;
				INFOPLIST_FILE = CaloriCal/Info.plist;
				LD_RUNPATH_SEARCH_PATHS = (
					"$(inherited)",
					"@executable_path/Frameworks",
				);
				PRODUCT_BUNDLE_IDENTIFIER = Albrectsen.CaloriCal;
				PRODUCT_NAME = "$(TARGET_NAME)";
				SWIFT_VERSION = 5.0;
				TARGETED_DEVICE_FAMILY = "1,2";
			};
			name = Debug;
		};
		B48F8754265155F40080729B /* Release */ = {
			isa = XCBuildConfiguration;
			buildSettings = {
				ASSETCATALOG_COMPILER_APPICON_NAME = AppIcon;
				ASSETCATALOG_COMPILER_GLOBAL_ACCENT_COLOR_NAME = AccentColor;
				CODE_SIGN_STYLE = Automatic;
				INFOPLIST_FILE = CaloriCal/Info.plist;
				LD_RUNPATH_SEARCH_PATHS = (
					"$(inherited)",
					"@executable_path/Frameworks",
				);
				PRODUCT_BUNDLE_IDENTIFIER = Albrectsen.CaloriCal;
				PRODUCT_NAME = "$(TARGET_NAME)";
				SWIFT_VERSION = 5.0;
				TARGETED_DEVICE_FAMILY = "1,2";
			};
			name = Release;
		};
		B48F8756265155F40080729B /* Debug */ = {
			isa = XCBuildConfiguration;
			buildSettings = {
				ALWAYS_EMBED_SWIFT_STANDARD_LIBRARIES = YES;
				BUNDLE_LOADER = "$(TEST_HOST)";
				CODE_SIGN_STYLE = Automatic;
				INFOPLIST_FILE = CaloriCalTests/Info.plist;
				IPHONEOS_DEPLOYMENT_TARGET = 14.4;
				LD_RUNPATH_SEARCH_PATHS = (
					"$(inherited)",
					"@executable_path/Frameworks",
					"@loader_path/Frameworks",
				);
				PRODUCT_BUNDLE_IDENTIFIER = Albrectsen.CaloriCalTests;
				PRODUCT_NAME = "$(TARGET_NAME)";
				SWIFT_VERSION = 5.0;
				TARGETED_DEVICE_FAMILY = "1,2";
				TEST_HOST = "$(BUILT_PRODUCTS_DIR)/CaloriCal.app/CaloriCal";
			};
			name = Debug;
		};
		B48F8757265155F40080729B /* Release */ = {
			isa = XCBuildConfiguration;
			buildSettings = {
				ALWAYS_EMBED_SWIFT_STANDARD_LIBRARIES = YES;
				BUNDLE_LOADER = "$(TEST_HOST)";
				CODE_SIGN_STYLE = Automatic;
				INFOPLIST_FILE = CaloriCalTests/Info.plist;
				IPHONEOS_DEPLOYMENT_TARGET = 14.4;
				LD_RUNPATH_SEARCH_PATHS = (
					"$(inherited)",
					"@executable_path/Frameworks",
					"@loader_path/Frameworks",
				);
				PRODUCT_BUNDLE_IDENTIFIER = Albrectsen.CaloriCalTests;
				PRODUCT_NAME = "$(TARGET_NAME)";
				SWIFT_VERSION = 5.0;
				TARGETED_DEVICE_FAMILY = "1,2";
				TEST_HOST = "$(BUILT_PRODUCTS_DIR)/CaloriCal.app/CaloriCal";
			};
			name = Release;
		};
		B48F8759265155F40080729B /* Debug */ = {
			isa = XCBuildConfiguration;
			buildSettings = {
				ALWAYS_EMBED_SWIFT_STANDARD_LIBRARIES = YES;
				CODE_SIGN_STYLE = Automatic;
				INFOPLIST_FILE = CaloriCalUITests/Info.plist;
				LD_RUNPATH_SEARCH_PATHS = (
					"$(inherited)",
					"@executable_path/Frameworks",
					"@loader_path/Frameworks",
				);
				PRODUCT_BUNDLE_IDENTIFIER = Albrectsen.CaloriCalUITests;
				PRODUCT_NAME = "$(TARGET_NAME)";
				SWIFT_VERSION = 5.0;
				TARGETED_DEVICE_FAMILY = "1,2";
				TEST_TARGET_NAME = CaloriCal;
			};
			name = Debug;
		};
		B48F875A265155F40080729B /* Release */ = {
			isa = XCBuildConfiguration;
			buildSettings = {
				ALWAYS_EMBED_SWIFT_STANDARD_LIBRARIES = YES;
				CODE_SIGN_STYLE = Automatic;
				INFOPLIST_FILE = CaloriCalUITests/Info.plist;
				LD_RUNPATH_SEARCH_PATHS = (
					"$(inherited)",
					"@executable_path/Frameworks",
					"@loader_path/Frameworks",
				);
				PRODUCT_BUNDLE_IDENTIFIER = Albrectsen.CaloriCalUITests;
				PRODUCT_NAME = "$(TARGET_NAME)";
				SWIFT_VERSION = 5.0;
				TARGETED_DEVICE_FAMILY = "1,2";
				TEST_TARGET_NAME = CaloriCal;
			};
			name = Release;
		};
/* End XCBuildConfiguration section */

/* Begin XCConfigurationList section */
		B48F8723265155F30080729B /* Build configuration list for PBXProject "CaloriCal" */ = {
			isa = XCConfigurationList;
			buildConfigurations = (
				B48F8750265155F40080729B /* Debug */,
				B48F8751265155F40080729B /* Release */,
			);
			defaultConfigurationIsVisible = 0;
			defaultConfigurationName = Release;
		};
		B48F8752265155F40080729B /* Build configuration list for PBXNativeTarget "CaloriCal" */ = {
			isa = XCConfigurationList;
			buildConfigurations = (
				B48F8753265155F40080729B /* Debug */,
				B48F8754265155F40080729B /* Release */,
			);
			defaultConfigurationIsVisible = 0;
			defaultConfigurationName = Release;
		};
		B48F8755265155F40080729B /* Build configuration list for PBXNativeTarget "CaloriCalTests" */ = {
			isa = XCConfigurationList;
			buildConfigurations = (
				B48F8756265155F40080729B /* Debug */,
				B48F8757265155F40080729B /* Release */,
			);
			defaultConfigurationIsVisible = 0;
			defaultConfigurationName = Release;
		};
		B48F8758265155F40080729B /* Build configuration list for PBXNativeTarget "CaloriCalUITests" */ = {
			isa = XCConfigurationList;
			buildConfigurations = (
				B48F8759265155F40080729B /* Debug */,
				B48F875A265155F40080729B /* Release */,
			);
			defaultConfigurationIsVisible = 0;
			defaultConfigurationName = Release;
		};
/* End XCConfigurationList section */
	};
	rootObject = B48F8720265155F30080729B /* Project object */;
}
